// !$*UTF8*$!
{
	archiveVersion = 1;
	classes = {
	};
	objectVersion = 51;
	objects = {

/* Begin PBXBuildFile section */
		022613DB2637F81400043268 /* AppDelegate.swift in Sources */ = {isa = PBXBuildFile; fileRef = 022613DA2637F81400043268 /* AppDelegate.swift */; };
		022613DD2637F81400043268 /* SceneDelegate.swift in Sources */ = {isa = PBXBuildFile; fileRef = 022613DC2637F81400043268 /* SceneDelegate.swift */; };
		022613DF2637F81400043268 /* ViewController.swift in Sources */ = {isa = PBXBuildFile; fileRef = 022613DE2637F81400043268 /* ViewController.swift */; };
		022613E22637F81400043268 /* Main.storyboard in Resources */ = {isa = PBXBuildFile; fileRef = 022613E02637F81400043268 /* Main.storyboard */; };
		022613E52637F81400043268 /* MercadolibreSearch.xcdatamodeld in Sources */ = {isa = PBXBuildFile; fileRef = 022613E32637F81400043268 /* MercadolibreSearch.xcdatamodeld */; };
		022613E72637F81400043268 /* Assets.xcassets in Resources */ = {isa = PBXBuildFile; fileRef = 022613E62637F81400043268 /* Assets.xcassets */; };
		022613EA2637F81400043268 /* LaunchScreen.storyboard in Resources */ = {isa = PBXBuildFile; fileRef = 022613E82637F81400043268 /* LaunchScreen.storyboard */; };
		022613F52637F81400043268 /* MercadolibreSearchTests.swift in Sources */ = {isa = PBXBuildFile; fileRef = 022613F42637F81400043268 /* MercadolibreSearchTests.swift */; };
		022614002637F81400043268 /* MercadolibreSearchUITests.swift in Sources */ = {isa = PBXBuildFile; fileRef = 022613FF2637F81400043268 /* MercadolibreSearchUITests.swift */; };
		022614172637F81400043268 /* BaseViewController.swift in Sources */ = {isa = PBXBuildFile; fileRef = 022614162637F81400043268 /* BaseViewController.swift */; };
		0226141F2637F81400043268 /* BaseViewModel.swift in Sources */ = {isa = PBXBuildFile; fileRef = 0226141E2637F81400043268 /* BaseViewModel.swift */; };
		022614242637F81400043268 /* BaseRouter.swift in Sources */ = {isa = PBXBuildFile; fileRef = 022614232637F81400043268 /* BaseRouter.swift */; };
		022614412637F81400043268 /* MLErrorView.swift in Sources */ = {isa = PBXBuildFile; fileRef = 022614402637F81400043268 /* MLErrorView.swift */; };
		022614462637F81400043268 /* MLErrorView.xib in Resources */ = {isa = PBXBuildFile; fileRef = 022614452637F81400043268 /* MLErrorView.xib */; };
		0226144B2637F81400043268 /* MLLoadingView.xib in Resources */ = {isa = PBXBuildFile; fileRef = 0226144A2637F81400043268 /* MLLoadingView.xib */; };
		022614502637F81400043268 /* MLLoadingView.swift in Sources */ = {isa = PBXBuildFile; fileRef = 0226144F2637F81400043268 /* MLLoadingView.swift */; };
		022614552637F81400043268 /* MLError.swift in Sources */ = {isa = PBXBuildFile; fileRef = 022614542637F81400043268 /* MLError.swift */; };
		022614602637F81400043268 /* UIView+Extensions.swift in Sources */ = {isa = PBXBuildFile; fileRef = 0226145F2637F81400043268 /* UIView+Extensions.swift */; };
		022614682637F81400043268 /* MLError+Extensions.swift in Sources */ = {isa = PBXBuildFile; fileRef = 022614672637F81400043268 /* MLError+Extensions.swift */; };
		0226146D2637F81400043268 /* String+Extensions.swift in Sources */ = {isa = PBXBuildFile; fileRef = 0226146C2637F81400043268 /* String+Extensions.swift */; };
		022614732637F81400043268 /* Localizable.strings in Resources */ = {isa = PBXBuildFile; fileRef = 022614722637F81400043268 /* Localizable.strings */; };
		0226147B2637F81400043268 /* MLServiceProtocol.swift in Sources */ = {isa = PBXBuildFile; fileRef = 0226147A2637F81400043268 /* MLServiceProtocol.swift */; };
		022614802637F81400043268 /* APIRestClient.swift in Sources */ = {isa = PBXBuildFile; fileRef = 0226147F2637F81400043268 /* APIRestClient.swift */; };
		022614852637F81400043268 /* APIRestClient+Protocol.swift in Sources */ = {isa = PBXBuildFile; fileRef = 022614842637F81400043268 /* APIRestClient+Protocol.swift */; };
		0226148A2637F81400043268 /* MLResponseList.swift in Sources */ = {isa = PBXBuildFile; fileRef = 022614892637F81400043268 /* MLResponseList.swift */; };
		022614922637F81400043268 /* MLItem.swift in Sources */ = {isa = PBXBuildFile; fileRef = 022614912637F81400043268 /* MLItem.swift */; };
		022614972637F81400043268 /* Logger.swift in Sources */ = {isa = PBXBuildFile; fileRef = 022614962637F81400043268 /* Logger.swift */; };
		022614A02637F81400043268 /* MockMLServices.swift in Sources */ = {isa = PBXBuildFile; fileRef = 0226149F2637F81400043268 /* MockMLServices.swift */; };
		022614B12637F81400043268 /* MLBaseXibView.swift in Sources */ = {isa = PBXBuildFile; fileRef = 022614B02637F81400043268 /* MLBaseXibView.swift */; };
		022614BD2637F81400043268 /* MLSearchRouter.swift in Sources */ = {isa = PBXBuildFile; fileRef = 022614BA2637F81400043268 /* MLSearchRouter.swift */; };
		022614BE2637F81400043268 /* MLSearchViewController.swift in Sources */ = {isa = PBXBuildFile; fileRef = 022614BB2637F81400043268 /* MLSearchViewController.swift */; };
		022614BF2637F81400043268 /* MLSearchViewModel.swift in Sources */ = {isa = PBXBuildFile; fileRef = 022614BC2637F81400043268 /* MLSearchViewModel.swift */; };
		022614D62637F81400043268 /* swiftgen.yml in Resources */ = {isa = PBXBuildFile; fileRef = 022614D52637F81400043268 /* swiftgen.yml */; };
		0226150F2637F81400043268 /* StoryboardScenes.swift in Sources */ = {isa = PBXBuildFile; fileRef = 0226150E2637F81400043268 /* StoryboardScenes.swift */; };
		022615172637F81400043268 /* MLSearchResultRouter.swift in Sources */ = {isa = PBXBuildFile; fileRef = 022615142637F81400043268 /* MLSearchResultRouter.swift */; };
		022615182637F81400043268 /* MLSearchResultViewController.swift in Sources */ = {isa = PBXBuildFile; fileRef = 022615152637F81400043268 /* MLSearchResultViewController.swift */; };
		022615192637F81400043268 /* MLSearchResultViewModel.swift in Sources */ = {isa = PBXBuildFile; fileRef = 022615162637F81400043268 /* MLSearchResultViewModel.swift */; };
		0226151E2637F81400043268 /* MLResponseListPaging.swift in Sources */ = {isa = PBXBuildFile; fileRef = 0226151D2637F81400043268 /* MLResponseListPaging.swift */; };
		022615252637F81400043268 /* MLSearchItemCell.swift in Sources */ = {isa = PBXBuildFile; fileRef = 022615232637F81400043268 /* MLSearchItemCell.swift */; };
		022615262637F81400043268 /* MLSearchItemCell.xib in Resources */ = {isa = PBXBuildFile; fileRef = 022615242637F81400043268 /* MLSearchItemCell.xib */; };
		0226152F2637F81400043268 /* MLSeachResultCollectionViewLayout.swift in Sources */ = {isa = PBXBuildFile; fileRef = 0226152E2637F81400043268 /* MLSeachResultCollectionViewLayout.swift */; };
		022615372637F81400043268 /* UIScrollView+Reactive.swift in Sources */ = {isa = PBXBuildFile; fileRef = 022615362637F81400043268 /* UIScrollView+Reactive.swift */; };
		0226153E2637F81400043268 /* UIImageView+Extensions.swift in Sources */ = {isa = PBXBuildFile; fileRef = 0226153D2637F81400043268 /* UIImageView+Extensions.swift */; };
		022615432637F81400043268 /* MLInstallments.swift in Sources */ = {isa = PBXBuildFile; fileRef = 022615422637F81400043268 /* MLInstallments.swift */; };
		022615482637F81400043268 /* MLShippingInfo.swift in Sources */ = {isa = PBXBuildFile; fileRef = 022615472637F81400043268 /* MLShippingInfo.swift */; };
		0226154D2637F81400043268 /* MLItemCoditionStatus.swift in Sources */ = {isa = PBXBuildFile; fileRef = 0226154C2637F81400043268 /* MLItemCoditionStatus.swift */; };
		022615532637F81400043268 /* NumberFormatter+Extensions.swift in Sources */ = {isa = PBXBuildFile; fileRef = 022615522637F81400043268 /* NumberFormatter+Extensions.swift */; };
		0226155B2637F81400043268 /* MLInstallments+Extensions.swift in Sources */ = {isa = PBXBuildFile; fileRef = 0226155A2637F81400043268 /* MLInstallments+Extensions.swift */; };
		022615602637F81400043268 /* MLItem+Extensions.swift in Sources */ = {isa = PBXBuildFile; fileRef = 0226155F2637F81400043268 /* MLItem+Extensions.swift */; };
		022615652637F81400043268 /* Utilities.swift in Sources */ = {isa = PBXBuildFile; fileRef = 022615642637F81400043268 /* Utilities.swift */; };
		A80B61A0195C390D9A373E20 /* Pods_MercadolibreSearch.framework in Frameworks */ = {isa = PBXBuildFile; fileRef = 445734031404E0FE223F229D /* Pods_MercadolibreSearch.framework */; };
		C06E3E0687987123CF2D3919 /* Pods_MercadolibreSearch_MercadolibreSearchUITests.framework in Frameworks */ = {isa = PBXBuildFile; fileRef = 5AAD200124A418CD7AC4C19F /* Pods_MercadolibreSearch_MercadolibreSearchUITests.framework */; };
		CEB053A25333F40BAFD83708 /* Pods_MercadolibreSearchTests.framework in Frameworks */ = {isa = PBXBuildFile; fileRef = 2FCA1198D6B8AB676CAAA213 /* Pods_MercadolibreSearchTests.framework */; };
/* End PBXBuildFile section */

/* Begin PBXContainerItemProxy section */
		022613F12637F81400043268 /* PBXContainerItemProxy */ = {
			isa = PBXContainerItemProxy;
			containerPortal = 022613CF2637F81400043268 /* Project object */;
			proxyType = 1;
			remoteGlobalIDString = 022613D62637F81400043268;
			remoteInfo = MercadolibreSearch;
		};
		022613FC2637F81400043268 /* PBXContainerItemProxy */ = {
			isa = PBXContainerItemProxy;
			containerPortal = 022613CF2637F81400043268 /* Project object */;
			proxyType = 1;
			remoteGlobalIDString = 022613D62637F81400043268;
			remoteInfo = MercadolibreSearch;
		};
/* End PBXContainerItemProxy section */

/* Begin PBXFileReference section */
		022613D72637F81400043268 /* MercadolibreSearch.app */ = {isa = PBXFileReference; explicitFileType = wrapper.application; includeInIndex = 0; path = MercadolibreSearch.app; sourceTree = BUILT_PRODUCTS_DIR; };
		022613DA2637F81400043268 /* AppDelegate.swift */ = {isa = PBXFileReference; lastKnownFileType = sourcecode.swift; path = AppDelegate.swift; sourceTree = "<group>"; };
		022613DC2637F81400043268 /* SceneDelegate.swift */ = {isa = PBXFileReference; lastKnownFileType = sourcecode.swift; path = SceneDelegate.swift; sourceTree = "<group>"; };
		022613DE2637F81400043268 /* ViewController.swift */ = {isa = PBXFileReference; lastKnownFileType = sourcecode.swift; path = ViewController.swift; sourceTree = "<group>"; };
		022613E12637F81400043268 /* Base */ = {isa = PBXFileReference; lastKnownFileType = file.storyboard; name = Base; path = Base.lproj/Main.storyboard; sourceTree = "<group>"; };
		022613E42637F81400043268 /* MercadolibreSearch.xcdatamodel */ = {isa = PBXFileReference; lastKnownFileType = wrapper.xcdatamodel; path = MercadolibreSearch.xcdatamodel; sourceTree = "<group>"; };
		022613E62637F81400043268 /* Assets.xcassets */ = {isa = PBXFileReference; lastKnownFileType = folder.assetcatalog; path = Assets.xcassets; sourceTree = "<group>"; };
		022613E92637F81400043268 /* Base */ = {isa = PBXFileReference; lastKnownFileType = file.storyboard; name = Base; path = Base.lproj/LaunchScreen.storyboard; sourceTree = "<group>"; };
		022613EB2637F81400043268 /* Info.plist */ = {isa = PBXFileReference; lastKnownFileType = text.plist.xml; path = Info.plist; sourceTree = "<group>"; };
		022613F02637F81400043268 /* MercadolibreSearchTests.xctest */ = {isa = PBXFileReference; explicitFileType = wrapper.cfbundle; includeInIndex = 0; path = MercadolibreSearchTests.xctest; sourceTree = BUILT_PRODUCTS_DIR; };
		022613F42637F81400043268 /* MercadolibreSearchTests.swift */ = {isa = PBXFileReference; lastKnownFileType = sourcecode.swift; path = MercadolibreSearchTests.swift; sourceTree = "<group>"; };
		022613F62637F81400043268 /* Info.plist */ = {isa = PBXFileReference; lastKnownFileType = text.plist.xml; path = Info.plist; sourceTree = "<group>"; };
		022613FB2637F81400043268 /* MercadolibreSearchUITests.xctest */ = {isa = PBXFileReference; explicitFileType = wrapper.cfbundle; includeInIndex = 0; path = MercadolibreSearchUITests.xctest; sourceTree = BUILT_PRODUCTS_DIR; };
		022613FF2637F81400043268 /* MercadolibreSearchUITests.swift */ = {isa = PBXFileReference; lastKnownFileType = sourcecode.swift; path = MercadolibreSearchUITests.swift; sourceTree = "<group>"; };
		022614012637F81400043268 /* Info.plist */ = {isa = PBXFileReference; lastKnownFileType = text.plist.xml; path = Info.plist; sourceTree = "<group>"; };
		022614162637F81400043268 /* BaseViewController.swift */ = {isa = PBXFileReference; lastKnownFileType = sourcecode.swift; path = BaseViewController.swift; sourceTree = "<group>"; };
		0226141E2637F81400043268 /* BaseViewModel.swift */ = {isa = PBXFileReference; lastKnownFileType = sourcecode.swift; path = BaseViewModel.swift; sourceTree = "<group>"; };
		022614232637F81400043268 /* BaseRouter.swift */ = {isa = PBXFileReference; lastKnownFileType = sourcecode.swift; path = BaseRouter.swift; sourceTree = "<group>"; };
		022614402637F81400043268 /* MLErrorView.swift */ = {isa = PBXFileReference; lastKnownFileType = sourcecode.swift; path = MLErrorView.swift; sourceTree = "<group>"; };
		022614452637F81400043268 /* MLErrorView.xib */ = {isa = PBXFileReference; lastKnownFileType = file.xib; path = MLErrorView.xib; sourceTree = "<group>"; };
		0226144A2637F81400043268 /* MLLoadingView.xib */ = {isa = PBXFileReference; lastKnownFileType = file.xib; path = MLLoadingView.xib; sourceTree = "<group>"; };
		0226144F2637F81400043268 /* MLLoadingView.swift */ = {isa = PBXFileReference; lastKnownFileType = sourcecode.swift; path = MLLoadingView.swift; sourceTree = "<group>"; };
		022614542637F81400043268 /* MLError.swift */ = {isa = PBXFileReference; lastKnownFileType = sourcecode.swift; path = MLError.swift; sourceTree = "<group>"; };
		0226145F2637F81400043268 /* UIView+Extensions.swift */ = {isa = PBXFileReference; lastKnownFileType = sourcecode.swift; path = "UIView+Extensions.swift"; sourceTree = "<group>"; };
		022614672637F81400043268 /* MLError+Extensions.swift */ = {isa = PBXFileReference; lastKnownFileType = sourcecode.swift; path = "MLError+Extensions.swift"; sourceTree = "<group>"; };
		0226146C2637F81400043268 /* String+Extensions.swift */ = {isa = PBXFileReference; lastKnownFileType = sourcecode.swift; path = "String+Extensions.swift"; sourceTree = "<group>"; };
		022614722637F81400043268 /* Localizable.strings */ = {isa = PBXFileReference; lastKnownFileType = text.plist.strings; path = Localizable.strings; sourceTree = "<group>"; };
		0226147A2637F81400043268 /* MLServiceProtocol.swift */ = {isa = PBXFileReference; lastKnownFileType = sourcecode.swift; path = MLServiceProtocol.swift; sourceTree = "<group>"; };
		0226147F2637F81400043268 /* APIRestClient.swift */ = {isa = PBXFileReference; lastKnownFileType = sourcecode.swift; path = APIRestClient.swift; sourceTree = "<group>"; };
		022614842637F81400043268 /* APIRestClient+Protocol.swift */ = {isa = PBXFileReference; lastKnownFileType = sourcecode.swift; path = "APIRestClient+Protocol.swift"; sourceTree = "<group>"; };
		022614892637F81400043268 /* MLResponseList.swift */ = {isa = PBXFileReference; lastKnownFileType = sourcecode.swift; path = MLResponseList.swift; sourceTree = "<group>"; };
		022614912637F81400043268 /* MLItem.swift */ = {isa = PBXFileReference; lastKnownFileType = sourcecode.swift; path = MLItem.swift; sourceTree = "<group>"; };
		022614962637F81400043268 /* Logger.swift */ = {isa = PBXFileReference; lastKnownFileType = sourcecode.swift; path = Logger.swift; sourceTree = "<group>"; };
		0226149F2637F81400043268 /* MockMLServices.swift */ = {isa = PBXFileReference; lastKnownFileType = sourcecode.swift; path = MockMLServices.swift; sourceTree = "<group>"; };
		022614B02637F81400043268 /* MLBaseXibView.swift */ = {isa = PBXFileReference; lastKnownFileType = sourcecode.swift; path = MLBaseXibView.swift; sourceTree = "<group>"; };
		022614BA2637F81400043268 /* MLSearchRouter.swift */ = {isa = PBXFileReference; lastKnownFileType = sourcecode.swift; path = MLSearchRouter.swift; sourceTree = "<group>"; };
		022614BB2637F81400043268 /* MLSearchViewController.swift */ = {isa = PBXFileReference; lastKnownFileType = sourcecode.swift; path = MLSearchViewController.swift; sourceTree = "<group>"; };
		022614BC2637F81400043268 /* MLSearchViewModel.swift */ = {isa = PBXFileReference; lastKnownFileType = sourcecode.swift; path = MLSearchViewModel.swift; sourceTree = "<group>"; };
		022614D52637F81400043268 /* swiftgen.yml */ = {isa = PBXFileReference; lastKnownFileType = text.yaml; path = swiftgen.yml; sourceTree = "<group>"; };
		0226150E2637F81400043268 /* StoryboardScenes.swift */ = {isa = PBXFileReference; fileEncoding = 4; lastKnownFileType = sourcecode.swift; path = StoryboardScenes.swift; sourceTree = "<group>"; };
		022615142637F81400043268 /* MLSearchResultRouter.swift */ = {isa = PBXFileReference; lastKnownFileType = sourcecode.swift; path = MLSearchResultRouter.swift; sourceTree = "<group>"; };
		022615152637F81400043268 /* MLSearchResultViewController.swift */ = {isa = PBXFileReference; lastKnownFileType = sourcecode.swift; path = MLSearchResultViewController.swift; sourceTree = "<group>"; };
		022615162637F81400043268 /* MLSearchResultViewModel.swift */ = {isa = PBXFileReference; lastKnownFileType = sourcecode.swift; path = MLSearchResultViewModel.swift; sourceTree = "<group>"; };
		0226151D2637F81400043268 /* MLResponseListPaging.swift */ = {isa = PBXFileReference; lastKnownFileType = sourcecode.swift; path = MLResponseListPaging.swift; sourceTree = "<group>"; };
		022615232637F81400043268 /* MLSearchItemCell.swift */ = {isa = PBXFileReference; lastKnownFileType = sourcecode.swift; path = MLSearchItemCell.swift; sourceTree = "<group>"; };
		022615242637F81400043268 /* MLSearchItemCell.xib */ = {isa = PBXFileReference; lastKnownFileType = file.xib; path = MLSearchItemCell.xib; sourceTree = "<group>"; };
		0226152E2637F81400043268 /* MLSeachResultCollectionViewLayout.swift */ = {isa = PBXFileReference; lastKnownFileType = sourcecode.swift; path = MLSeachResultCollectionViewLayout.swift; sourceTree = "<group>"; };
		022615362637F81400043268 /* UIScrollView+Reactive.swift */ = {isa = PBXFileReference; lastKnownFileType = sourcecode.swift; path = "UIScrollView+Reactive.swift"; sourceTree = "<group>"; };
		0226153D2637F81400043268 /* UIImageView+Extensions.swift */ = {isa = PBXFileReference; lastKnownFileType = sourcecode.swift; path = "UIImageView+Extensions.swift"; sourceTree = "<group>"; };
		022615422637F81400043268 /* MLInstallments.swift */ = {isa = PBXFileReference; lastKnownFileType = sourcecode.swift; path = MLInstallments.swift; sourceTree = "<group>"; };
		022615472637F81400043268 /* MLShippingInfo.swift */ = {isa = PBXFileReference; lastKnownFileType = sourcecode.swift; path = MLShippingInfo.swift; sourceTree = "<group>"; };
		0226154C2637F81400043268 /* MLItemCoditionStatus.swift */ = {isa = PBXFileReference; lastKnownFileType = sourcecode.swift; path = MLItemCoditionStatus.swift; sourceTree = "<group>"; };
		022615522637F81400043268 /* NumberFormatter+Extensions.swift */ = {isa = PBXFileReference; lastKnownFileType = sourcecode.swift; path = "NumberFormatter+Extensions.swift"; sourceTree = "<group>"; };
		0226155A2637F81400043268 /* MLInstallments+Extensions.swift */ = {isa = PBXFileReference; lastKnownFileType = sourcecode.swift; path = "MLInstallments+Extensions.swift"; sourceTree = "<group>"; };
		0226155F2637F81400043268 /* MLItem+Extensions.swift */ = {isa = PBXFileReference; lastKnownFileType = sourcecode.swift; path = "MLItem+Extensions.swift"; sourceTree = "<group>"; };
		022615642637F81400043268 /* Utilities.swift */ = {isa = PBXFileReference; lastKnownFileType = sourcecode.swift; path = Utilities.swift; sourceTree = "<group>"; };
		193D502F5EED16C63D92BE0E /* Pods-MercadolibreSearch-MercadolibreSearchUITests.release.xcconfig */ = {isa = PBXFileReference; includeInIndex = 1; lastKnownFileType = text.xcconfig; name = "Pods-MercadolibreSearch-MercadolibreSearchUITests.release.xcconfig"; path = "Target Support Files/Pods-MercadolibreSearch-MercadolibreSearchUITests/Pods-MercadolibreSearch-MercadolibreSearchUITests.release.xcconfig"; sourceTree = "<group>"; };
		2FCA1198D6B8AB676CAAA213 /* Pods_MercadolibreSearchTests.framework */ = {isa = PBXFileReference; explicitFileType = wrapper.framework; includeInIndex = 0; path = Pods_MercadolibreSearchTests.framework; sourceTree = BUILT_PRODUCTS_DIR; };
		445734031404E0FE223F229D /* Pods_MercadolibreSearch.framework */ = {isa = PBXFileReference; explicitFileType = wrapper.framework; includeInIndex = 0; path = Pods_MercadolibreSearch.framework; sourceTree = BUILT_PRODUCTS_DIR; };
		5AAD200124A418CD7AC4C19F /* Pods_MercadolibreSearch_MercadolibreSearchUITests.framework */ = {isa = PBXFileReference; explicitFileType = wrapper.framework; includeInIndex = 0; path = Pods_MercadolibreSearch_MercadolibreSearchUITests.framework; sourceTree = BUILT_PRODUCTS_DIR; };
		7C61E7AB2DE7CCD5545378AB /* Pods-MercadolibreSearchTests.release.xcconfig */ = {isa = PBXFileReference; includeInIndex = 1; lastKnownFileType = text.xcconfig; name = "Pods-MercadolibreSearchTests.release.xcconfig"; path = "Target Support Files/Pods-MercadolibreSearchTests/Pods-MercadolibreSearchTests.release.xcconfig"; sourceTree = "<group>"; };
		9212598004C4A5BCC94F3115 /* Pods-MercadolibreSearch-MercadolibreSearchUITests.debug.xcconfig */ = {isa = PBXFileReference; includeInIndex = 1; lastKnownFileType = text.xcconfig; name = "Pods-MercadolibreSearch-MercadolibreSearchUITests.debug.xcconfig"; path = "Target Support Files/Pods-MercadolibreSearch-MercadolibreSearchUITests/Pods-MercadolibreSearch-MercadolibreSearchUITests.debug.xcconfig"; sourceTree = "<group>"; };
		A848A051F7BEEA2AD1D969F9 /* Pods-MercadolibreSearchTests.debug.xcconfig */ = {isa = PBXFileReference; includeInIndex = 1; lastKnownFileType = text.xcconfig; name = "Pods-MercadolibreSearchTests.debug.xcconfig"; path = "Target Support Files/Pods-MercadolibreSearchTests/Pods-MercadolibreSearchTests.debug.xcconfig"; sourceTree = "<group>"; };
		B0F26E6445C87E8D82F9994F /* Pods-MercadolibreSearch.debug.xcconfig */ = {isa = PBXFileReference; includeInIndex = 1; lastKnownFileType = text.xcconfig; name = "Pods-MercadolibreSearch.debug.xcconfig"; path = "Target Support Files/Pods-MercadolibreSearch/Pods-MercadolibreSearch.debug.xcconfig"; sourceTree = "<group>"; };
		CFE520EB58A1ED27E71C033E /* Pods-MercadolibreSearch.release.xcconfig */ = {isa = PBXFileReference; includeInIndex = 1; lastKnownFileType = text.xcconfig; name = "Pods-MercadolibreSearch.release.xcconfig"; path = "Target Support Files/Pods-MercadolibreSearch/Pods-MercadolibreSearch.release.xcconfig"; sourceTree = "<group>"; };
/* End PBXFileReference section */

/* Begin PBXFrameworksBuildPhase section */
		022613D42637F81400043268 /* Frameworks */ = {
			isa = PBXFrameworksBuildPhase;
			buildActionMask = 2147483647;
			files = (
				A80B61A0195C390D9A373E20 /* Pods_MercadolibreSearch.framework in Frameworks */,
			);
			runOnlyForDeploymentPostprocessing = 0;
		};
		022613ED2637F81400043268 /* Frameworks */ = {
			isa = PBXFrameworksBuildPhase;
			buildActionMask = 2147483647;
			files = (
				CEB053A25333F40BAFD83708 /* Pods_MercadolibreSearchTests.framework in Frameworks */,
			);
			runOnlyForDeploymentPostprocessing = 0;
		};
		022613F82637F81400043268 /* Frameworks */ = {
			isa = PBXFrameworksBuildPhase;
			buildActionMask = 2147483647;
			files = (
				C06E3E0687987123CF2D3919 /* Pods_MercadolibreSearch_MercadolibreSearchUITests.framework in Frameworks */,
			);
			runOnlyForDeploymentPostprocessing = 0;
		};
/* End PBXFrameworksBuildPhase section */

/* Begin PBXGroup section */
		022613CE2637F81400043268 = {
			isa = PBXGroup;
			children = (
				022613D92637F81400043268 /* MercadolibreSearch */,
				022613F32637F81400043268 /* MercadolibreSearchTests */,
				022613FE2637F81400043268 /* MercadolibreSearchUITests */,
				022613D82637F81400043268 /* Products */,
				9AAB6624069DD68DFA989E2F /* Pods */,
				D201257686B242A9F8A555F0 /* Frameworks */,
			);
			sourceTree = "<group>";
		};
		022613D82637F81400043268 /* Products */ = {
			isa = PBXGroup;
			children = (
				022613D72637F81400043268 /* MercadolibreSearch.app */,
				022613F02637F81400043268 /* MercadolibreSearchTests.xctest */,
				022613FB2637F81400043268 /* MercadolibreSearchUITests.xctest */,
			);
			name = Products;
			sourceTree = "<group>";
		};
		022613D92637F81400043268 /* MercadolibreSearch */ = {
			isa = PBXGroup;
			children = (
				022614102637F81400043268 /* Utilities */,
				022614112637F81400043268 /* Model */,
				022614122637F81400043268 /* Extensions */,
				022614152637F81400043268 /* Base */,
				022614142637F81400043268 /* Network */,
				022614132637F81400043268 /* Views */,
				022614B82637F81400043268 /* Scenes */,
				022614D42637F81400043268 /* SwiftGen */,
				022613DA2637F81400043268 /* AppDelegate.swift */,
				022613DC2637F81400043268 /* SceneDelegate.swift */,
				022613DE2637F81400043268 /* ViewController.swift */,
				022613E62637F81400043268 /* Assets.xcassets */,
				022613E82637F81400043268 /* LaunchScreen.storyboard */,
				022613EB2637F81400043268 /* Info.plist */,
				022613E32637F81400043268 /* MercadolibreSearch.xcdatamodeld */,
				022614722637F81400043268 /* Localizable.strings */,
			);
			path = MercadolibreSearch;
			sourceTree = "<group>";
		};
		022613F32637F81400043268 /* MercadolibreSearchTests */ = {
			isa = PBXGroup;
			children = (
				0226149B2637F81400043268 /* Network */,
				022613F42637F81400043268 /* MercadolibreSearchTests.swift */,
				022613F62637F81400043268 /* Info.plist */,
			);
			path = MercadolibreSearchTests;
			sourceTree = "<group>";
		};
		022613FE2637F81400043268 /* MercadolibreSearchUITests */ = {
			isa = PBXGroup;
			children = (
				022613FF2637F81400043268 /* MercadolibreSearchUITests.swift */,
				022614012637F81400043268 /* Info.plist */,
			);
			path = MercadolibreSearchUITests;
			sourceTree = "<group>";
		};
		022614102637F81400043268 /* Utilities */ = {
			isa = PBXGroup;
			children = (
				022614962637F81400043268 /* Logger.swift */,
				022615642637F81400043268 /* Utilities.swift */,
			);
			path = Utilities;
			sourceTree = "<group>";
		};
		022614112637F81400043268 /* Model */ = {
			isa = PBXGroup;
			children = (
				022614542637F81400043268 /* MLError.swift */,
				022614892637F81400043268 /* MLResponseList.swift */,
				022614912637F81400043268 /* MLItem.swift */,
				0226151D2637F81400043268 /* MLResponseListPaging.swift */,
				022615422637F81400043268 /* MLInstallments.swift */,
				022615472637F81400043268 /* MLShippingInfo.swift */,
				0226154C2637F81400043268 /* MLItemCoditionStatus.swift */,
			);
			path = Model;
			sourceTree = "<group>";
		};
		022614122637F81400043268 /* Extensions */ = {
			isa = PBXGroup;
			children = (
				022615512637F81400043268 /* Class */,
				0226153C2637F81400043268 /* Model */,
				0226153B2637F81400043268 /* UI */,
			);
			path = Extensions;
			sourceTree = "<group>";
		};
		022614132637F81400043268 /* Views */ = {
			isa = PBXGroup;
			children = (
				022614B02637F81400043268 /* MLBaseXibView.swift */,
				0226143F2637F81400043268 /* LoadingView */,
				0226143E2637F81400043268 /* ErrorView */,
			);
			path = Views;
			sourceTree = "<group>";
		};
		022614142637F81400043268 /* Network */ = {
			isa = PBXGroup;
			children = (
				0226147A2637F81400043268 /* MLServiceProtocol.swift */,
				0226147F2637F81400043268 /* APIRestClient.swift */,
				022614842637F81400043268 /* APIRestClient+Protocol.swift */,
			);
			path = Network;
			sourceTree = "<group>";
		};
		022614152637F81400043268 /* Base */ = {
			isa = PBXGroup;
			children = (
				022614162637F81400043268 /* BaseViewController.swift */,
				0226141E2637F81400043268 /* BaseViewModel.swift */,
				022614232637F81400043268 /* BaseRouter.swift */,
			);
			path = Base;
			sourceTree = "<group>";
		};
		0226143E2637F81400043268 /* ErrorView */ = {
			isa = PBXGroup;
			children = (
				022614452637F81400043268 /* MLErrorView.xib */,
				022614402637F81400043268 /* MLErrorView.swift */,
			);
			path = ErrorView;
			sourceTree = "<group>";
		};
		0226143F2637F81400043268 /* LoadingView */ = {
			isa = PBXGroup;
			children = (
				0226144A2637F81400043268 /* MLLoadingView.xib */,
				0226144F2637F81400043268 /* MLLoadingView.swift */,
			);
			path = LoadingView;
			sourceTree = "<group>";
		};
		0226149B2637F81400043268 /* Network */ = {
			isa = PBXGroup;
			children = (
				022614A42637F81400043268 /* Responses */,
				0226149F2637F81400043268 /* MockMLServices.swift */,
			);
			path = Network;
			sourceTree = "<group>";
		};
		022614A42637F81400043268 /* Responses */ = {
			isa = PBXGroup;
			children = (
			);
			path = Responses;
			sourceTree = "<group>";
		};
		022614B82637F81400043268 /* Scenes */ = {
			isa = PBXGroup;
			children = (
				022613E02637F81400043268 /* Main.storyboard */,
				022614B92637F81400043268 /* Search */,
				022615132637F81400043268 /* SearchResult */,
			);
			path = Scenes;
			sourceTree = "<group>";
		};
		022614B92637F81400043268 /* Search */ = {
			isa = PBXGroup;
			children = (
				022614BA2637F81400043268 /* MLSearchRouter.swift */,
				022614BB2637F81400043268 /* MLSearchViewController.swift */,
				022614BC2637F81400043268 /* MLSearchViewModel.swift */,
			);
			path = Search;
			sourceTree = "<group>";
		};
		022614D42637F81400043268 /* SwiftGen */ = {
			isa = PBXGroup;
			children = (
				0226150E2637F81400043268 /* StoryboardScenes.swift */,
				022614D52637F81400043268 /* swiftgen.yml */,
			);
			path = SwiftGen;
			sourceTree = "<group>";
		};
		022615132637F81400043268 /* SearchResult */ = {
			isa = PBXGroup;
			children = (
				0226152D2637F81400043268 /* CellectionViewLayout */,
				022615222637F81400043268 /* Cell */,
				022615142637F81400043268 /* MLSearchResultRouter.swift */,
				022615152637F81400043268 /* MLSearchResultViewController.swift */,
				022615162637F81400043268 /* MLSearchResultViewModel.swift */,
			);
			path = SearchResult;
			sourceTree = "<group>";
		};
		022615222637F81400043268 /* Cell */ = {
			isa = PBXGroup;
			children = (
				022615232637F81400043268 /* MLSearchItemCell.swift */,
				022615242637F81400043268 /* MLSearchItemCell.xib */,
			);
			path = Cell;
			sourceTree = "<group>";
		};
		0226152D2637F81400043268 /* CellectionViewLayout */ = {
			isa = PBXGroup;
			children = (
				0226152E2637F81400043268 /* MLSeachResultCollectionViewLayout.swift */,
			);
			path = CellectionViewLayout;
			sourceTree = "<group>";
		};
		0226153B2637F81400043268 /* UI */ = {
			isa = PBXGroup;
			children = (
				022615362637F81400043268 /* UIScrollView+Reactive.swift */,
				0226145F2637F81400043268 /* UIView+Extensions.swift */,
				0226153D2637F81400043268 /* UIImageView+Extensions.swift */,
			);
			path = UI;
			sourceTree = "<group>";
		};
		0226153C2637F81400043268 /* Model */ = {
			isa = PBXGroup;
			children = (
				022614672637F81400043268 /* MLError+Extensions.swift */,
				0226155A2637F81400043268 /* MLInstallments+Extensions.swift */,
				0226155F2637F81400043268 /* MLItem+Extensions.swift */,
			);
			path = Model;
			sourceTree = "<group>";
		};
		022615512637F81400043268 /* Class */ = {
			isa = PBXGroup;
			children = (
				0226146C2637F81400043268 /* String+Extensions.swift */,
				022615522637F81400043268 /* NumberFormatter+Extensions.swift */,
			);
			path = Class;
			sourceTree = "<group>";
		};
		9AAB6624069DD68DFA989E2F /* Pods */ = {
			isa = PBXGroup;
			children = (
				B0F26E6445C87E8D82F9994F /* Pods-MercadolibreSearch.debug.xcconfig */,
				CFE520EB58A1ED27E71C033E /* Pods-MercadolibreSearch.release.xcconfig */,
				9212598004C4A5BCC94F3115 /* Pods-MercadolibreSearch-MercadolibreSearchUITests.debug.xcconfig */,
				193D502F5EED16C63D92BE0E /* Pods-MercadolibreSearch-MercadolibreSearchUITests.release.xcconfig */,
				A848A051F7BEEA2AD1D969F9 /* Pods-MercadolibreSearchTests.debug.xcconfig */,
				7C61E7AB2DE7CCD5545378AB /* Pods-MercadolibreSearchTests.release.xcconfig */,
			);
			path = Pods;
			sourceTree = "<group>";
		};
		D201257686B242A9F8A555F0 /* Frameworks */ = {
			isa = PBXGroup;
			children = (
				445734031404E0FE223F229D /* Pods_MercadolibreSearch.framework */,
				5AAD200124A418CD7AC4C19F /* Pods_MercadolibreSearch_MercadolibreSearchUITests.framework */,
				2FCA1198D6B8AB676CAAA213 /* Pods_MercadolibreSearchTests.framework */,
			);
			name = Frameworks;
			sourceTree = "<group>";
		};
/* End PBXGroup section */

/* Begin PBXNativeTarget section */
		022613D62637F81400043268 /* MercadolibreSearch */ = {
			isa = PBXNativeTarget;
			buildConfigurationList = 022614042637F81400043268 /* Build configuration list for PBXNativeTarget "MercadolibreSearch" */;
			buildPhases = (
				EEFADEFB6BD8B339794EEEA7 /* [CP] Check Pods Manifest.lock */,
				022613D32637F81400043268 /* Sources */,
				022613D42637F81400043268 /* Frameworks */,
				022613D52637F81400043268 /* Resources */,
				9A6DE69D5E728E2E4A80ABAC /* [CP] Embed Pods Frameworks */,
				022614DA2637F81400043268 /* SwiftGen */,
			);
			buildRules = (
			);
			dependencies = (
			);
			name = MercadolibreSearch;
			productName = MercadolibreSearch;
			productReference = 022613D72637F81400043268 /* MercadolibreSearch.app */;
			productType = "com.apple.product-type.application";
		};
		022613EF2637F81400043268 /* MercadolibreSearchTests */ = {
			isa = PBXNativeTarget;
			buildConfigurationList = 022614072637F81400043268 /* Build configuration list for PBXNativeTarget "MercadolibreSearchTests" */;
			buildPhases = (
				13EAAD60A4873AD5EA35D8FF /* [CP] Check Pods Manifest.lock */,
				022613EC2637F81400043268 /* Sources */,
				022613ED2637F81400043268 /* Frameworks */,
				022613EE2637F81400043268 /* Resources */,
				DEA0C52B4150DFA8DDE51BCA /* [CP] Embed Pods Frameworks */,
			);
			buildRules = (
			);
			dependencies = (
				022613F22637F81400043268 /* PBXTargetDependency */,
			);
			name = MercadolibreSearchTests;
			productName = MercadolibreSearchTests;
			productReference = 022613F02637F81400043268 /* MercadolibreSearchTests.xctest */;
			productType = "com.apple.product-type.bundle.unit-test";
		};
		022613FA2637F81400043268 /* MercadolibreSearchUITests */ = {
			isa = PBXNativeTarget;
			buildConfigurationList = 0226140A2637F81400043268 /* Build configuration list for PBXNativeTarget "MercadolibreSearchUITests" */;
			buildPhases = (
				7A800013BCBF31EA60C4B78A /* [CP] Check Pods Manifest.lock */,
				022613F72637F81400043268 /* Sources */,
				022613F82637F81400043268 /* Frameworks */,
				022613F92637F81400043268 /* Resources */,
				D41E838E30D2CCC0AF5CEA6C /* [CP] Embed Pods Frameworks */,
			);
			buildRules = (
			);
			dependencies = (
				022613FD2637F81400043268 /* PBXTargetDependency */,
			);
			name = MercadolibreSearchUITests;
			productName = MercadolibreSearchUITests;
			productReference = 022613FB2637F81400043268 /* MercadolibreSearchUITests.xctest */;
			productType = "com.apple.product-type.bundle.ui-testing";
		};
/* End PBXNativeTarget section */

/* Begin PBXProject section */
		022613CF2637F81400043268 /* Project object */ = {
			isa = PBXProject;
			attributes = {
				LastSwiftUpdateCheck = 1240;
				LastUpgradeCheck = 1240;
				TargetAttributes = {
					022613D62637F81400043268 = {
						CreatedOnToolsVersion = 12.4;
					};
					022613EF2637F81400043268 = {
						CreatedOnToolsVersion = 12.4;
						TestTargetID = 022613D62637F81400043268;
					};
					022613FA2637F81400043268 = {
						CreatedOnToolsVersion = 12.4;
						TestTargetID = 022613D62637F81400043268;
					};
				};
			};
			buildConfigurationList = 022613D22637F81400043268 /* Build configuration list for PBXProject "MercadolibreSearch" */;
			compatibilityVersion = "Xcode 9.3";
			developmentRegion = en;
			hasScannedForEncodings = 0;
			knownRegions = (
				en,
				Base,
			);
			mainGroup = 022613CE2637F81400043268;
			productRefGroup = 022613D82637F81400043268 /* Products */;
			projectDirPath = "";
			projectRoot = "";
			targets = (
				022613D62637F81400043268 /* MercadolibreSearch */,
				022613EF2637F81400043268 /* MercadolibreSearchTests */,
				022613FA2637F81400043268 /* MercadolibreSearchUITests */,
			);
		};
/* End PBXProject section */

/* Begin PBXResourcesBuildPhase section */
		022613D52637F81400043268 /* Resources */ = {
			isa = PBXResourcesBuildPhase;
			buildActionMask = 2147483647;
			files = (
				022613EA2637F81400043268 /* LaunchScreen.storyboard in Resources */,
				022614D62637F81400043268 /* swiftgen.yml in Resources */,
				022614732637F81400043268 /* Localizable.strings in Resources */,
				022615262637F81400043268 /* MLSearchItemCell.xib in Resources */,
				022613E72637F81400043268 /* Assets.xcassets in Resources */,
				0226144B2637F81400043268 /* MLLoadingView.xib in Resources */,
				022614462637F81400043268 /* MLErrorView.xib in Resources */,
				022613E22637F81400043268 /* Main.storyboard in Resources */,
			);
			runOnlyForDeploymentPostprocessing = 0;
		};
		022613EE2637F81400043268 /* Resources */ = {
			isa = PBXResourcesBuildPhase;
			buildActionMask = 2147483647;
			files = (
			);
			runOnlyForDeploymentPostprocessing = 0;
		};
		022613F92637F81400043268 /* Resources */ = {
			isa = PBXResourcesBuildPhase;
			buildActionMask = 2147483647;
			files = (
			);
			runOnlyForDeploymentPostprocessing = 0;
		};
/* End PBXResourcesBuildPhase section */

/* Begin PBXShellScriptBuildPhase section */
		022614DA2637F81400043268 /* SwiftGen */ = {
			isa = PBXShellScriptBuildPhase;
			buildActionMask = 2147483647;
			files = (
			);
			inputFileListPaths = (
			);
			inputPaths = (
			);
			name = SwiftGen;
			outputFileListPaths = (
			);
			outputPaths = (
			);
			runOnlyForDeploymentPostprocessing = 0;
			shellPath = /bin/sh;
			shellScript = "if [[ -f \"${PODS_ROOT}/SwiftGen/bin/swiftgen\" ]]; then\n  \"${PODS_ROOT}/SwiftGen/bin/swiftgen\" config run --config  $PROJECT_DIR/MercadolibreSearch/SwiftGen/swiftgen.yml\nelse\n  echo \"warning: SwiftGen is not installed. Run 'pod install --repo-update' to install it.\"\nfi\n";
		};
		13EAAD60A4873AD5EA35D8FF /* [CP] Check Pods Manifest.lock */ = {
			isa = PBXShellScriptBuildPhase;
			buildActionMask = 2147483647;
			files = (
			);
			inputFileListPaths = (
			);
			inputPaths = (
				"${PODS_PODFILE_DIR_PATH}/Podfile.lock",
				"${PODS_ROOT}/Manifest.lock",
			);
			name = "[CP] Check Pods Manifest.lock";
			outputFileListPaths = (
			);
			outputPaths = (
				"$(DERIVED_FILE_DIR)/Pods-MercadolibreSearchTests-checkManifestLockResult.txt",
			);
			runOnlyForDeploymentPostprocessing = 0;
			shellPath = /bin/sh;
			shellScript = "diff \"${PODS_PODFILE_DIR_PATH}/Podfile.lock\" \"${PODS_ROOT}/Manifest.lock\" > /dev/null\nif [ $? != 0 ] ; then\n    # print error to STDERR\n    echo \"error: The sandbox is not in sync with the Podfile.lock. Run 'pod install' or update your CocoaPods installation.\" >&2\n    exit 1\nfi\n# This output is used by Xcode 'outputs' to avoid re-running this script phase.\necho \"SUCCESS\" > \"${SCRIPT_OUTPUT_FILE_0}\"\n";
			showEnvVarsInLog = 0;
		};
		7A800013BCBF31EA60C4B78A /* [CP] Check Pods Manifest.lock */ = {
			isa = PBXShellScriptBuildPhase;
			buildActionMask = 2147483647;
			files = (
			);
			inputFileListPaths = (
			);
			inputPaths = (
				"${PODS_PODFILE_DIR_PATH}/Podfile.lock",
				"${PODS_ROOT}/Manifest.lock",
			);
			name = "[CP] Check Pods Manifest.lock";
			outputFileListPaths = (
			);
			outputPaths = (
				"$(DERIVED_FILE_DIR)/Pods-MercadolibreSearch-MercadolibreSearchUITests-checkManifestLockResult.txt",
			);
			runOnlyForDeploymentPostprocessing = 0;
			shellPath = /bin/sh;
			shellScript = "diff \"${PODS_PODFILE_DIR_PATH}/Podfile.lock\" \"${PODS_ROOT}/Manifest.lock\" > /dev/null\nif [ $? != 0 ] ; then\n    # print error to STDERR\n    echo \"error: The sandbox is not in sync with the Podfile.lock. Run 'pod install' or update your CocoaPods installation.\" >&2\n    exit 1\nfi\n# This output is used by Xcode 'outputs' to avoid re-running this script phase.\necho \"SUCCESS\" > \"${SCRIPT_OUTPUT_FILE_0}\"\n";
			showEnvVarsInLog = 0;
		};
		9A6DE69D5E728E2E4A80ABAC /* [CP] Embed Pods Frameworks */ = {
			isa = PBXShellScriptBuildPhase;
			buildActionMask = 2147483647;
			files = (
			);
			inputFileListPaths = (
				"${PODS_ROOT}/Target Support Files/Pods-MercadolibreSearch/Pods-MercadolibreSearch-frameworks-${CONFIGURATION}-input-files.xcfilelist",
			);
			name = "[CP] Embed Pods Frameworks";
			outputFileListPaths = (
				"${PODS_ROOT}/Target Support Files/Pods-MercadolibreSearch/Pods-MercadolibreSearch-frameworks-${CONFIGURATION}-output-files.xcfilelist",
			);
			runOnlyForDeploymentPostprocessing = 0;
			shellPath = /bin/sh;
			shellScript = "\"${PODS_ROOT}/Target Support Files/Pods-MercadolibreSearch/Pods-MercadolibreSearch-frameworks.sh\"\n";
			showEnvVarsInLog = 0;
		};
		D41E838E30D2CCC0AF5CEA6C /* [CP] Embed Pods Frameworks */ = {
			isa = PBXShellScriptBuildPhase;
			buildActionMask = 2147483647;
			files = (
			);
			inputFileListPaths = (
				"${PODS_ROOT}/Target Support Files/Pods-MercadolibreSearch-MercadolibreSearchUITests/Pods-MercadolibreSearch-MercadolibreSearchUITests-frameworks-${CONFIGURATION}-input-files.xcfilelist",
			);
			name = "[CP] Embed Pods Frameworks";
			outputFileListPaths = (
				"${PODS_ROOT}/Target Support Files/Pods-MercadolibreSearch-MercadolibreSearchUITests/Pods-MercadolibreSearch-MercadolibreSearchUITests-frameworks-${CONFIGURATION}-output-files.xcfilelist",
			);
			runOnlyForDeploymentPostprocessing = 0;
			shellPath = /bin/sh;
			shellScript = "\"${PODS_ROOT}/Target Support Files/Pods-MercadolibreSearch-MercadolibreSearchUITests/Pods-MercadolibreSearch-MercadolibreSearchUITests-frameworks.sh\"\n";
			showEnvVarsInLog = 0;
		};
		DEA0C52B4150DFA8DDE51BCA /* [CP] Embed Pods Frameworks */ = {
			isa = PBXShellScriptBuildPhase;
			buildActionMask = 2147483647;
			files = (
			);
			inputFileListPaths = (
				"${PODS_ROOT}/Target Support Files/Pods-MercadolibreSearchTests/Pods-MercadolibreSearchTests-frameworks-${CONFIGURATION}-input-files.xcfilelist",
			);
			name = "[CP] Embed Pods Frameworks";
			outputFileListPaths = (
				"${PODS_ROOT}/Target Support Files/Pods-MercadolibreSearchTests/Pods-MercadolibreSearchTests-frameworks-${CONFIGURATION}-output-files.xcfilelist",
			);
			runOnlyForDeploymentPostprocessing = 0;
			shellPath = /bin/sh;
			shellScript = "\"${PODS_ROOT}/Target Support Files/Pods-MercadolibreSearchTests/Pods-MercadolibreSearchTests-frameworks.sh\"\n";
			showEnvVarsInLog = 0;
		};
		EEFADEFB6BD8B339794EEEA7 /* [CP] Check Pods Manifest.lock */ = {
			isa = PBXShellScriptBuildPhase;
			buildActionMask = 2147483647;
			files = (
			);
			inputFileListPaths = (
			);
			inputPaths = (
				"${PODS_PODFILE_DIR_PATH}/Podfile.lock",
				"${PODS_ROOT}/Manifest.lock",
			);
			name = "[CP] Check Pods Manifest.lock";
			outputFileListPaths = (
			);
			outputPaths = (
				"$(DERIVED_FILE_DIR)/Pods-MercadolibreSearch-checkManifestLockResult.txt",
			);
			runOnlyForDeploymentPostprocessing = 0;
			shellPath = /bin/sh;
			shellScript = "diff \"${PODS_PODFILE_DIR_PATH}/Podfile.lock\" \"${PODS_ROOT}/Manifest.lock\" > /dev/null\nif [ $? != 0 ] ; then\n    # print error to STDERR\n    echo \"error: The sandbox is not in sync with the Podfile.lock. Run 'pod install' or update your CocoaPods installation.\" >&2\n    exit 1\nfi\n# This output is used by Xcode 'outputs' to avoid re-running this script phase.\necho \"SUCCESS\" > \"${SCRIPT_OUTPUT_FILE_0}\"\n";
			showEnvVarsInLog = 0;
		};
/* End PBXShellScriptBuildPhase section */

/* Begin PBXSourcesBuildPhase section */
		022613D32637F81400043268 /* Sources */ = {
			isa = PBXSourcesBuildPhase;
			buildActionMask = 2147483647;
			files = (
				022615182637F81400043268 /* MLSearchResultViewController.swift in Sources */,
				022614972637F81400043268 /* Logger.swift in Sources */,
				022614172637F81400043268 /* BaseViewController.swift in Sources */,
				0226146D2637F81400043268 /* String+Extensions.swift in Sources */,
				022614BF2637F81400043268 /* MLSearchViewModel.swift in Sources */,
				022614682637F81400043268 /* MLError+Extensions.swift in Sources */,
				022614552637F81400043268 /* MLError.swift in Sources */,
				022614BE2637F81400043268 /* MLSearchViewController.swift in Sources */,
				022615252637F81400043268 /* MLSearchItemCell.swift in Sources */,
				0226152F2637F81400043268 /* MLSeachResultCollectionViewLayout.swift in Sources */,
				022613DF2637F81400043268 /* ViewController.swift in Sources */,
				022614BD2637F81400043268 /* MLSearchRouter.swift in Sources */,
				022614412637F81400043268 /* MLErrorView.swift in Sources */,
				0226151E2637F81400043268 /* MLResponseListPaging.swift in Sources */,
				0226153E2637F81400043268 /* UIImageView+Extensions.swift in Sources */,
				022614242637F81400043268 /* BaseRouter.swift in Sources */,
				022615432637F81400043268 /* MLInstallments.swift in Sources */,
				022615602637F81400043268 /* MLItem+Extensions.swift in Sources */,
				0226150F2637F81400043268 /* StoryboardScenes.swift in Sources */,
				022615172637F81400043268 /* MLSearchResultRouter.swift in Sources */,
				022614B12637F81400043268 /* MLBaseXibView.swift in Sources */,
				022613DB2637F81400043268 /* AppDelegate.swift in Sources */,
				022614502637F81400043268 /* MLLoadingView.swift in Sources */,
				022613E52637F81400043268 /* MercadolibreSearch.xcdatamodeld in Sources */,
				022613DD2637F81400043268 /* SceneDelegate.swift in Sources */,
				022615482637F81400043268 /* MLShippingInfo.swift in Sources */,
				022614922637F81400043268 /* MLItem.swift in Sources */,
				022615532637F81400043268 /* NumberFormatter+Extensions.swift in Sources */,
				0226148A2637F81400043268 /* MLResponseList.swift in Sources */,
				022615372637F81400043268 /* UIScrollView+Reactive.swift in Sources */,
				022615652637F81400043268 /* Utilities.swift in Sources */,
				022614852637F81400043268 /* APIRestClient+Protocol.swift in Sources */,
				0226141F2637F81400043268 /* BaseViewModel.swift in Sources */,
				0226154D2637F81400043268 /* MLItemCoditionStatus.swift in Sources */,
				0226147B2637F81400043268 /* MLServiceProtocol.swift in Sources */,
				022614802637F81400043268 /* APIRestClient.swift in Sources */,
				0226155B2637F81400043268 /* MLInstallments+Extensions.swift in Sources */,
				022615192637F81400043268 /* MLSearchResultViewModel.swift in Sources */,
				022614602637F81400043268 /* UIView+Extensions.swift in Sources */,
			);
			runOnlyForDeploymentPostprocessing = 0;
		};
		022613EC2637F81400043268 /* Sources */ = {
			isa = PBXSourcesBuildPhase;
			buildActionMask = 2147483647;
			files = (
				022614A02637F81400043268 /* MockMLServices.swift in Sources */,
				022613F52637F81400043268 /* MercadolibreSearchTests.swift in Sources */,
			);
			runOnlyForDeploymentPostprocessing = 0;
		};
		022613F72637F81400043268 /* Sources */ = {
			isa = PBXSourcesBuildPhase;
			buildActionMask = 2147483647;
			files = (
				022614002637F81400043268 /* MercadolibreSearchUITests.swift in Sources */,
			);
			runOnlyForDeploymentPostprocessing = 0;
		};
/* End PBXSourcesBuildPhase section */

/* Begin PBXTargetDependency section */
		022613F22637F81400043268 /* PBXTargetDependency */ = {
			isa = PBXTargetDependency;
			target = 022613D62637F81400043268 /* MercadolibreSearch */;
			targetProxy = 022613F12637F81400043268 /* PBXContainerItemProxy */;
		};
		022613FD2637F81400043268 /* PBXTargetDependency */ = {
			isa = PBXTargetDependency;
			target = 022613D62637F81400043268 /* MercadolibreSearch */;
			targetProxy = 022613FC2637F81400043268 /* PBXContainerItemProxy */;
		};
/* End PBXTargetDependency section */

/* Begin PBXVariantGroup section */
		022613E02637F81400043268 /* Main.storyboard */ = {
			isa = PBXVariantGroup;
			children = (
				022613E12637F81400043268 /* Base */,
			);
			name = Main.storyboard;
			sourceTree = "<group>";
		};
		022613E82637F81400043268 /* LaunchScreen.storyboard */ = {
			isa = PBXVariantGroup;
			children = (
				022613E92637F81400043268 /* Base */,
			);
			name = LaunchScreen.storyboard;
			sourceTree = "<group>";
		};
/* End PBXVariantGroup section */

/* Begin XCBuildConfiguration section */
		022614022637F81400043268 /* Debug */ = {
			isa = XCBuildConfiguration;
			buildSettings = {
				ALWAYS_SEARCH_USER_PATHS = NO;
				CLANG_ANALYZER_NONNULL = YES;
				CLANG_ANALYZER_NUMBER_OBJECT_CONVERSION = YES_AGGRESSIVE;
				CLANG_CXX_LANGUAGE_STANDARD = "gnu++14";
				CLANG_CXX_LIBRARY = "libc++";
				CLANG_ENABLE_MODULES = YES;
				CLANG_ENABLE_OBJC_ARC = YES;
				CLANG_ENABLE_OBJC_WEAK = YES;
				CLANG_WARN_BLOCK_CAPTURE_AUTORELEASING = YES;
				CLANG_WARN_BOOL_CONVERSION = YES;
				CLANG_WARN_COMMA = YES;
				CLANG_WARN_CONSTANT_CONVERSION = YES;
				CLANG_WARN_DEPRECATED_OBJC_IMPLEMENTATIONS = YES;
				CLANG_WARN_DIRECT_OBJC_ISA_USAGE = YES_ERROR;
				CLANG_WARN_DOCUMENTATION_COMMENTS = YES;
				CLANG_WARN_EMPTY_BODY = YES;
				CLANG_WARN_ENUM_CONVERSION = YES;
				CLANG_WARN_INFINITE_RECURSION = YES;
				CLANG_WARN_INT_CONVERSION = YES;
				CLANG_WARN_NON_LITERAL_NULL_CONVERSION = YES;
				CLANG_WARN_OBJC_IMPLICIT_RETAIN_SELF = YES;
				CLANG_WARN_OBJC_LITERAL_CONVERSION = YES;
				CLANG_WARN_OBJC_ROOT_CLASS = YES_ERROR;
				CLANG_WARN_QUOTED_INCLUDE_IN_FRAMEWORK_HEADER = YES;
				CLANG_WARN_RANGE_LOOP_ANALYSIS = YES;
				CLANG_WARN_STRICT_PROTOTYPES = YES;
				CLANG_WARN_SUSPICIOUS_MOVE = YES;
				CLANG_WARN_UNGUARDED_AVAILABILITY = YES_AGGRESSIVE;
				CLANG_WARN_UNREACHABLE_CODE = YES;
				CLANG_WARN__DUPLICATE_METHOD_MATCH = YES;
				COPY_PHASE_STRIP = NO;
				DEBUG_INFORMATION_FORMAT = dwarf;
				ENABLE_STRICT_OBJC_MSGSEND = YES;
				ENABLE_TESTABILITY = YES;
				GCC_C_LANGUAGE_STANDARD = gnu11;
				GCC_DYNAMIC_NO_PIC = NO;
				GCC_NO_COMMON_BLOCKS = YES;
				GCC_OPTIMIZATION_LEVEL = 0;
				GCC_PREPROCESSOR_DEFINITIONS = (
					"DEBUG=1",
					"$(inherited)",
				);
				GCC_WARN_64_TO_32_BIT_CONVERSION = YES;
				GCC_WARN_ABOUT_RETURN_TYPE = YES_ERROR;
				GCC_WARN_UNDECLARED_SELECTOR = YES;
				GCC_WARN_UNINITIALIZED_AUTOS = YES_AGGRESSIVE;
				GCC_WARN_UNUSED_FUNCTION = YES;
				GCC_WARN_UNUSED_VARIABLE = YES;
				IPHONEOS_DEPLOYMENT_TARGET = 14.4;
				MTL_ENABLE_DEBUG_INFO = INCLUDE_SOURCE;
				MTL_FAST_MATH = YES;
				ONLY_ACTIVE_ARCH = YES;
				SDKROOT = iphoneos;
				SWIFT_ACTIVE_COMPILATION_CONDITIONS = DEBUG;
				SWIFT_OPTIMIZATION_LEVEL = "-Onone";
			};
			name = Debug;
		};
		022614032637F81400043268 /* Release */ = {
			isa = XCBuildConfiguration;
			buildSettings = {
				ALWAYS_SEARCH_USER_PATHS = NO;
				CLANG_ANALYZER_NONNULL = YES;
				CLANG_ANALYZER_NUMBER_OBJECT_CONVERSION = YES_AGGRESSIVE;
				CLANG_CXX_LANGUAGE_STANDARD = "gnu++14";
				CLANG_CXX_LIBRARY = "libc++";
				CLANG_ENABLE_MODULES = YES;
				CLANG_ENABLE_OBJC_ARC = YES;
				CLANG_ENABLE_OBJC_WEAK = YES;
				CLANG_WARN_BLOCK_CAPTURE_AUTORELEASING = YES;
				CLANG_WARN_BOOL_CONVERSION = YES;
				CLANG_WARN_COMMA = YES;
				CLANG_WARN_CONSTANT_CONVERSION = YES;
				CLANG_WARN_DEPRECATED_OBJC_IMPLEMENTATIONS = YES;
				CLANG_WARN_DIRECT_OBJC_ISA_USAGE = YES_ERROR;
				CLANG_WARN_DOCUMENTATION_COMMENTS = YES;
				CLANG_WARN_EMPTY_BODY = YES;
				CLANG_WARN_ENUM_CONVERSION = YES;
				CLANG_WARN_INFINITE_RECURSION = YES;
				CLANG_WARN_INT_CONVERSION = YES;
				CLANG_WARN_NON_LITERAL_NULL_CONVERSION = YES;
				CLANG_WARN_OBJC_IMPLICIT_RETAIN_SELF = YES;
				CLANG_WARN_OBJC_LITERAL_CONVERSION = YES;
				CLANG_WARN_OBJC_ROOT_CLASS = YES_ERROR;
				CLANG_WARN_QUOTED_INCLUDE_IN_FRAMEWORK_HEADER = YES;
				CLANG_WARN_RANGE_LOOP_ANALYSIS = YES;
				CLANG_WARN_STRICT_PROTOTYPES = YES;
				CLANG_WARN_SUSPICIOUS_MOVE = YES;
				CLANG_WARN_UNGUARDED_AVAILABILITY = YES_AGGRESSIVE;
				CLANG_WARN_UNREACHABLE_CODE = YES;
				CLANG_WARN__DUPLICATE_METHOD_MATCH = YES;
				COPY_PHASE_STRIP = NO;
				DEBUG_INFORMATION_FORMAT = "dwarf-with-dsym";
				ENABLE_NS_ASSERTIONS = NO;
				ENABLE_STRICT_OBJC_MSGSEND = YES;
				GCC_C_LANGUAGE_STANDARD = gnu11;
				GCC_NO_COMMON_BLOCKS = YES;
				GCC_WARN_64_TO_32_BIT_CONVERSION = YES;
				GCC_WARN_ABOUT_RETURN_TYPE = YES_ERROR;
				GCC_WARN_UNDECLARED_SELECTOR = YES;
				GCC_WARN_UNINITIALIZED_AUTOS = YES_AGGRESSIVE;
				GCC_WARN_UNUSED_FUNCTION = YES;
				GCC_WARN_UNUSED_VARIABLE = YES;
				IPHONEOS_DEPLOYMENT_TARGET = 14.4;
				MTL_ENABLE_DEBUG_INFO = NO;
				MTL_FAST_MATH = YES;
				SDKROOT = iphoneos;
				SWIFT_COMPILATION_MODE = wholemodule;
				SWIFT_OPTIMIZATION_LEVEL = "-O";
				VALIDATE_PRODUCT = YES;
			};
			name = Release;
		};
		022614052637F81400043268 /* Debug */ = {
			isa = XCBuildConfiguration;
			baseConfigurationReference = B0F26E6445C87E8D82F9994F /* Pods-MercadolibreSearch.debug.xcconfig */;
			buildSettings = {
				ASSETCATALOG_COMPILER_APPICON_NAME = AppIcon;
				ASSETCATALOG_COMPILER_GLOBAL_ACCENT_COLOR_NAME = AccentColor;
				CODE_SIGN_STYLE = Automatic;
				INFOPLIST_FILE = MercadolibreSearch/Info.plist;
				LD_RUNPATH_SEARCH_PATHS = (
					"$(inherited)",
					"@executable_path/Frameworks",
				);
				PRODUCT_BUNDLE_IDENTIFIER = com.robertx.MercadolibreSearch;
				PRODUCT_NAME = "$(TARGET_NAME)";
				SWIFT_VERSION = 5.0;
				TARGETED_DEVICE_FAMILY = "1,2";
			};
			name = Debug;
		};
		022614062637F81400043268 /* Release */ = {
			isa = XCBuildConfiguration;
			baseConfigurationReference = CFE520EB58A1ED27E71C033E /* Pods-MercadolibreSearch.release.xcconfig */;
			buildSettings = {
				ASSETCATALOG_COMPILER_APPICON_NAME = AppIcon;
				ASSETCATALOG_COMPILER_GLOBAL_ACCENT_COLOR_NAME = AccentColor;
				CODE_SIGN_STYLE = Automatic;
				INFOPLIST_FILE = MercadolibreSearch/Info.plist;
				LD_RUNPATH_SEARCH_PATHS = (
					"$(inherited)",
					"@executable_path/Frameworks",
				);
				PRODUCT_BUNDLE_IDENTIFIER = com.robertx.MercadolibreSearch;
				PRODUCT_NAME = "$(TARGET_NAME)";
				SWIFT_VERSION = 5.0;
				TARGETED_DEVICE_FAMILY = "1,2";
			};
			name = Release;
		};
		022614082637F81400043268 /* Debug */ = {
			isa = XCBuildConfiguration;
			baseConfigurationReference = A848A051F7BEEA2AD1D969F9 /* Pods-MercadolibreSearchTests.debug.xcconfig */;
			buildSettings = {
				ALWAYS_EMBED_SWIFT_STANDARD_LIBRARIES = YES;
				BUNDLE_LOADER = "$(TEST_HOST)";
				CODE_SIGN_STYLE = Automatic;
				INFOPLIST_FILE = MercadolibreSearchTests/Info.plist;
				IPHONEOS_DEPLOYMENT_TARGET = 14.4;
				LD_RUNPATH_SEARCH_PATHS = (
					"$(inherited)",
					"@executable_path/Frameworks",
					"@loader_path/Frameworks",
				);
				PRODUCT_BUNDLE_IDENTIFIER = com.robertx.MercadolibreSearchTests;
				PRODUCT_NAME = "$(TARGET_NAME)";
				SWIFT_VERSION = 5.0;
				TARGETED_DEVICE_FAMILY = "1,2";
				TEST_HOST = "$(BUILT_PRODUCTS_DIR)/MercadolibreSearch.app/MercadolibreSearch";
			};
			name = Debug;
		};
		022614092637F81400043268 /* Release */ = {
			isa = XCBuildConfiguration;
			baseConfigurationReference = 7C61E7AB2DE7CCD5545378AB /* Pods-MercadolibreSearchTests.release.xcconfig */;
			buildSettings = {
				ALWAYS_EMBED_SWIFT_STANDARD_LIBRARIES = YES;
				BUNDLE_LOADER = "$(TEST_HOST)";
				CODE_SIGN_STYLE = Automatic;
				INFOPLIST_FILE = MercadolibreSearchTests/Info.plist;
				IPHONEOS_DEPLOYMENT_TARGET = 14.4;
				LD_RUNPATH_SEARCH_PATHS = (
					"$(inherited)",
					"@executable_path/Frameworks",
					"@loader_path/Frameworks",
				);
				PRODUCT_BUNDLE_IDENTIFIER = com.robertx.MercadolibreSearchTests;
				PRODUCT_NAME = "$(TARGET_NAME)";
				SWIFT_VERSION = 5.0;
				TARGETED_DEVICE_FAMILY = "1,2";
				TEST_HOST = "$(BUILT_PRODUCTS_DIR)/MercadolibreSearch.app/MercadolibreSearch";
			};
			name = Release;
		};
		0226140B2637F81400043268 /* Debug */ = {
			isa = XCBuildConfiguration;
			baseConfigurationReference = 9212598004C4A5BCC94F3115 /* Pods-MercadolibreSearch-MercadolibreSearchUITests.debug.xcconfig */;
			buildSettings = {
				ALWAYS_EMBED_SWIFT_STANDARD_LIBRARIES = YES;
				CODE_SIGN_STYLE = Automatic;
				INFOPLIST_FILE = MercadolibreSearchUITests/Info.plist;
				LD_RUNPATH_SEARCH_PATHS = (
					"$(inherited)",
					"@executable_path/Frameworks",
					"@loader_path/Frameworks",
				);
				PRODUCT_BUNDLE_IDENTIFIER = com.robertx.MercadolibreSearchUITests;
				PRODUCT_NAME = "$(TARGET_NAME)";
				SWIFT_VERSION = 5.0;
				TARGETED_DEVICE_FAMILY = "1,2";
				TEST_TARGET_NAME = MercadolibreSearch;
			};
			name = Debug;
		};
		0226140C2637F81400043268 /* Release */ = {
			isa = XCBuildConfiguration;
			baseConfigurationReference = 193D502F5EED16C63D92BE0E /* Pods-MercadolibreSearch-MercadolibreSearchUITests.release.xcconfig */;
			buildSettings = {
				ALWAYS_EMBED_SWIFT_STANDARD_LIBRARIES = YES;
				CODE_SIGN_STYLE = Automatic;
				INFOPLIST_FILE = MercadolibreSearchUITests/Info.plist;
				LD_RUNPATH_SEARCH_PATHS = (
					"$(inherited)",
					"@executable_path/Frameworks",
					"@loader_path/Frameworks",
				);
				PRODUCT_BUNDLE_IDENTIFIER = com.robertx.MercadolibreSearchUITests;
				PRODUCT_NAME = "$(TARGET_NAME)";
				SWIFT_VERSION = 5.0;
				TARGETED_DEVICE_FAMILY = "1,2";
				TEST_TARGET_NAME = MercadolibreSearch;
			};
			name = Release;
		};
/* End XCBuildConfiguration section */

/* Begin XCConfigurationList section */
		022613D22637F81400043268 /* Build configuration list for PBXProject "MercadolibreSearch" */ = {
			isa = XCConfigurationList;
			buildConfigurations = (
				022614022637F81400043268 /* Debug */,
				022614032637F81400043268 /* Release */,
			);
			defaultConfigurationIsVisible = 0;
			defaultConfigurationName = Release;
		};
		022614042637F81400043268 /* Build configuration list for PBXNativeTarget "MercadolibreSearch" */ = {
			isa = XCConfigurationList;
			buildConfigurations = (
				022614052637F81400043268 /* Debug */,
				022614062637F81400043268 /* Release */,
			);
			defaultConfigurationIsVisible = 0;
			defaultConfigurationName = Release;
		};
		022614072637F81400043268 /* Build configuration list for PBXNativeTarget "MercadolibreSearchTests" */ = {
			isa = XCConfigurationList;
			buildConfigurations = (
				022614082637F81400043268 /* Debug */,
				022614092637F81400043268 /* Release */,
			);
			defaultConfigurationIsVisible = 0;
			defaultConfigurationName = Release;
		};
		0226140A2637F81400043268 /* Build configuration list for PBXNativeTarget "MercadolibreSearchUITests" */ = {
			isa = XCConfigurationList;
			buildConfigurations = (
				0226140B2637F81400043268 /* Debug */,
				0226140C2637F81400043268 /* Release */,
			);
			defaultConfigurationIsVisible = 0;
			defaultConfigurationName = Release;
		};
/* End XCConfigurationList section */

/* Begin XCVersionGroup section */
		022613E32637F81400043268 /* MercadolibreSearch.xcdatamodeld */ = {
			isa = XCVersionGroup;
			children = (
				022613E42637F81400043268 /* MercadolibreSearch.xcdatamodel */,
			);
			currentVersion = 022613E42637F81400043268 /* MercadolibreSearch.xcdatamodel */;
			path = MercadolibreSearch.xcdatamodeld;
			sourceTree = "<group>";
			versionGroupType = wrapper.xcdatamodel;
		};
/* End XCVersionGroup section */
	};
	rootObject = 022613CF2637F81400043268 /* Project object */;
}
